<?xml version="1.0" encoding="UTF-8"?>
<CONFIG>
  <ProjectOptions>
    <Version Value="12"/>
    <PathDelim Value="\"/>
    <General>
      <SessionStorage Value="InProjectDir"/>
      <AutoCreateForms Value="False"/>
      <Title Value="Tero Subtitler"/>
      <Scaled Value="True"/>
      <ResourceType Value="res"/>
      <UseXPManifest Value="True"/>
      <XPManifest>
        <TextName Value="URUWorks.TeroSubtitler"/>
        <TextDesc Value="Tero Subtitler"/>
      </XPManifest>
      <Icon Value="0"/>
    </General>
    <i18n>
      <EnableI18N Value="True"/>
      <OutDir Value="..\bin\Languages"/>
      <ExcludedIdentifiers Count="66">
        <Item1 Value="tfrmmain.caption"/>
        <Item2 Value="tfrmmain.lblseparatorfps.caption"/>
        <Item3 Value="tfrmmain.lblmedialength.caption"/>
        <Item4 Value="tfrmmain.lblmediatime.caption"/>
        <Item5 Value="tfrmmain.mmotext.labelmemo.caption"/>
        <Item6 Value="tfrmmain.mmotranslation.labelmemo.caption"/>
        <Item7 Value="tfrmmain.mnumemoformat.caption"/>
        <Item8 Value="tfrmmain.mnuvstformat.caption"/>
        <Item9 Value="tfrmmain.tlbeditor_.caption"/>
        <Item10 Value="tfrmmain.tlbmain_.caption"/>
        <Item11 Value="tfrmmain.tlbvideo_.caption"/>
        <Item12 Value="tfrmmain.tlbwaveform_.caption"/>
        <Item13 Value="tfrmsettings.lblshortcutinuse.caption"/>
        <Item14 Value="tfrmgoto.edtnumber.text"/>
        <Item15 Value="tfrmtbxlist.lblcount.caption"/>
        <Item16 Value="tfrmtimeexpander.edtdurationvalue.text"/>
        <Item17 Value="tfrmtimeexpander.edtsubtitlevalue.text"/>
        <Item18 Value="tfrmtimeexpander.edttime.text"/>
        <Item19 Value="tfrmtranslationmemorylist.lblcount.caption"/>
        <Item20 Value="tfrmwizard.lblfasterwhisperstatus.caption"/>
        <Item21 Value="tfrmwizard.lblffmpegstatus.caption"/>
        <Item22 Value="tfrmwizard.lbllibmpvstatus.caption"/>
        <Item23 Value="tfrmwizard.lblwhisperstatus.caption"/>
        <Item24 Value="tfrmfixsubtitles.mnudeselectall.caption"/>
        <Item25 Value="tfrmfixsubtitles.mnuinvertselection.caption"/>
        <Item26 Value="tfrmfixsubtitles.mnuselectall.caption"/>
        <Item27 Value="tfrmautomaticdurations.edtchars.text"/>
        <Item28 Value="tfrmautomaticdurations.edtline.text"/>
        <Item29 Value="tfrmautomaticdurations.edtword.text"/>
        <Item30 Value="tfrmdurationlimits.edtsetmaxduration.text"/>
        <Item31 Value="tfrmdurationlimits.edtsetminduration.text"/>
        <Item32 Value="tfrmtimeexpander.edtdurationvalue.text"/>
        <Item33 Value="tfrmtimeexpander.edtsubtitlevalue.text"/>
        <Item34 Value="tfrmtimeexpander.edttime.text"/>
        <Item35 Value="tfrmgoto.editnumber.text"/>
        <Item36 Value="tfrmtbxlist.lblcount.caption"/>
        <Item37 Value="tfrmtranslationmemorylist.lblcount.caption"/>
        <Item38 Value="tfrmsettings.cbotimecodemode.text"/>
        <Item39 Value="tfrmabout.lblInfo.caption"/>
        <Item40 Value="tfrmabout.lblUW.caption"/>
        <Item41 Value="tfrmmain.tlbeditor_.caption"/>
        <Item42 Value="tfrmmain.tlbmain_.caption"/>
        <Item43 Value="tfrmmain.tlbvideo_.caption"/>
        <Item44 Value="tfrmmain.tlbwaveform_.caption"/>
        <Item45 Value="tfrmsettings.tlbeditor_.caption"/>
        <Item46 Value="tfrmsettings.tlbmain_.caption"/>
        <Item47 Value="tfrmsettings.tlbvideo_.caption"/>
        <Item48 Value="tfrmsettings.tlbwaveform_.caption"/>
        <Item49 Value="tfrmconventions.chkdotsonsplit.caption"/>
        <Item50 Value="tfrmconventions.lblchaining.caption"/>
        <Item51 Value="tfrmconventions.lblcpl.caption"/>
        <Item52 Value="tfrmconventions.lblcps.caption"/>
        <Item53 Value="tfrmconventions.lblcpsstrategy.caption"/>
        <Item54 Value="tfrmconventions.lblmaxdurationms.caption"/>
        <Item55 Value="tfrmconventions.lblmaxlinecount.caption"/>
        <Item56 Value="tfrmconventions.lblmindurationms.caption"/>
        <Item57 Value="tfrmconventions.lblname.caption"/>
        <Item58 Value="tfrmconventions.lblnewsubtitlems.caption"/>
        <Item59 Value="tfrmconventions.lblprohibitedchars.caption"/>
        <Item60 Value="tfrmconventions.lblrepeatablechars.caption"/>
        <Item61 Value="tfrmconventions.lblscsnaparea.caption"/>
        <Item62 Value="tfrmconventions.lblscsnapincues.caption"/>
        <Item63 Value="tfrmconventions.lblscsnapoutcues.caption"/>
        <Item64 Value="tfrmconventions.lblsubtitlepausems.caption"/>
        <Item65 Value="tfrmconventions.lblwpm.caption"/>
        <Item66 Value="tfrmwizard.lbllanguage.caption"/>
      </ExcludedIdentifiers>
    </i18n>
    <VersionInfo>
      <UseVersionInfo Value="True"/>
      <MajorVersionNr Value="1"/>
      <RevisionNr Value="1"/>
      <BuildNr Value="4"/>
      <StringTable CompanyName="URUWorks" FileDescription="Tero Subtitler" LegalCopyright="Copyright © 2023-2024 URUWorks." ProductName="Tero Subtitler"/>
    </VersionInfo>
    <BuildModes>
      <Item Name="Default" Default="True"/>
      <Item Name="Debug">
        <CompilerOptions>
          <Version Value="11"/>
          <PathDelim Value="\"/>
          <Target>
            <Filename Value="..\bin\tero"/>
          </Target>
          <SearchPaths>
            <IncludeFiles Value="$(ProjOutDir)"/>
            <UnitOutputDirectory Value="lib\$(TargetCPU)-$(TargetOS)"/>
          </SearchPaths>
          <Parsing>
            <SyntaxOptions>
              <IncludeAssertionCode Value="True"/>
            </SyntaxOptions>
          </Parsing>
          <CodeGeneration>
            <Checks>
              <IOChecks Value="True"/>
              <RangeChecks Value="True"/>
              <OverflowChecks Value="True"/>
              <StackChecks Value="True"/>
            </Checks>
            <VerifyObjMethodCallValidity Value="True"/>
          </CodeGeneration>
          <Linking>
            <Debugging>
              <DebugInfoType Value="dsDwarf3"/>
              <UseHeaptrc Value="True"/>
              <TrashVariables Value="True"/>
              <UseExternalDbgSyms Value="True"/>
            </Debugging>
            <Options>
              <Win32>
                <GraphicApplication Value="True"/>
              </Win32>
            </Options>
          </Linking>
        </CompilerOptions>
      </Item>
      <Item Name="Release">
        <CompilerOptions>
          <Version Value="11"/>
          <PathDelim Value="\"/>
          <Target>
            <Filename Value="..\bin\tero"/>
          </Target>
          <SearchPaths>
            <IncludeFiles Value="$(ProjOutDir)"/>
            <UnitOutputDirectory Value="lib\$(TargetCPU)-$(TargetOS)"/>
          </SearchPaths>
          <CodeGeneration>
            <SmartLinkUnit Value="True"/>
            <Optimizations>
              <OptimizationLevel Value="3"/>
            </Optimizations>
          </CodeGeneration>
          <Linking>
            <Debugging>
              <GenerateDebugInfo Value="False"/>
            </Debugging>
            <LinkSmart Value="True"/>
            <Options>
              <Win32>
                <GraphicApplication Value="True"/>
              </Win32>
            </Options>
          </Linking>
        </CompilerOptions>
      </Item>
      <Item Name="macOS_Release">
        <CompilerOptions>
          <Version Value="11"/>
          <PathDelim Value="\"/>
          <Target>
            <Filename Value="..\bin\tero"/>
          </Target>
          <SearchPaths>
            <IncludeFiles Value="$(ProjOutDir)"/>
            <UnitOutputDirectory Value="lib\$(TargetCPU)-$(TargetOS)"/>
          </SearchPaths>
          <CodeGeneration>
            <SmartLinkUnit Value="True"/>
            <Optimizations>
              <OptimizationLevel Value="3"/>
            </Optimizations>
          </CodeGeneration>
          <Linking>
            <Debugging>
              <GenerateDebugInfo Value="False"/>
            </Debugging>
            <LinkSmart Value="True"/>
            <Options>
              <PassLinkerOptions Value="True"/>
              <LinkerOptions Value="-rpath @executable_path/../Frameworks"/>
              <Win32>
                <GraphicApplication Value="True"/>
              </Win32>
            </Options>
          </Linking>
        </CompilerOptions>
      </Item>
      <Item Name="macOS_arm64_Release">
        <CompilerOptions>
          <Version Value="11"/>
          <PathDelim Value="\"/>
          <Target>
            <Filename Value="..\bin\tero"/>
          </Target>
          <SearchPaths>
            <IncludeFiles Value="$(ProjOutDir)"/>
            <UnitOutputDirectory Value="lib\$(TargetCPU)-$(TargetOS)"/>
          </SearchPaths>
          <CodeGeneration>
            <SmartLinkUnit Value="True"/>
            <TargetCPU Value="aarch64"/>
            <Optimizations>
              <OptimizationLevel Value="3"/>
            </Optimizations>
          </CodeGeneration>
          <Linking>
            <Debugging>
              <GenerateDebugInfo Value="False"/>
            </Debugging>
            <LinkSmart Value="True"/>
            <Options>
              <PassLinkerOptions Value="True"/>
              <LinkerOptions Value="-rpath @executable_path/../Frameworks"/>
              <Win32>
                <GraphicApplication Value="True"/>
              </Win32>
            </Options>
          </Linking>
        </CompilerOptions>
      </Item>
    </BuildModes>
    <PublishOptions>
      <Version Value="2"/>
      <UseFileFilters Value="True"/>
    </PublishOptions>
    <RunParams>
      <FormatVersion Value="2"/>
    </RunParams>
    <RequiredPackages>
      <Item>
        <PackageName Value="atsynedit_package"/>
      </Item>
      <Item>
        <PackageName Value="LazControls"/>
      </Item>
      <Item>
        <PackageName Value="laz.virtualtreeview_package"/>
      </Item>
      <Item>
        <PackageName Value="UWMPVPlayer"/>
      </Item>
      <Item>
        <PackageName Value="BGRABitmapPack"/>
      </Item>
      <Item>
        <PackageName Value="SubtitleAPI"/>
      </Item>
      <Item>
        <PackageName Value="TeroControls"/>
      </Item>
      <Item>
        <PackageName Value="LCL"/>
      </Item>
    </RequiredPackages>
    <Units>
      <Unit>
        <Filename Value="tero.lpr"/>
        <IsPartOfProject Value="True"/>
      </Unit>
      <Unit>
        <Filename Value="formMain.pas"/>
        <IsPartOfProject Value="True"/>
        <ComponentName Value="frmMain"/>
        <HasResources Value="True"/>
        <ResourceBaseClass Value="Form"/>
      </Unit>
      <Unit>
        <Filename Value="procTypes.pas"/>
        <IsPartOfProject Value="True"/>
      </Unit>
      <Unit>
        <Filename Value="procVST.pas"/>
        <IsPartOfProject Value="True"/>
      </Unit>
      <Unit>
        <Filename Value="procConfig.pas"/>
        <IsPartOfProject Value="True"/>
      </Unit>
      <Unit>
        <Filename Value="formVideo.pas"/>
        <IsPartOfProject Value="True"/>
        <ComponentName Value="frmVideo"/>
        <HasResources Value="True"/>
        <ResourceBaseClass Value="Form"/>
      </Unit>
      <Unit>
        <Filename Value="procUnDockVideoControls.pas"/>
        <IsPartOfProject Value="True"/>
      </Unit>
      <Unit>
        <Filename Value="formWaveform.pas"/>
        <IsPartOfProject Value="True"/>
        <ComponentName Value="frmWaveform"/>
        <HasResources Value="True"/>
        <ResourceBaseClass Value="Form"/>
      </Unit>
      <Unit>
        <Filename Value="formMain_Actions.inc"/>
        <IsPartOfProject Value="True"/>
      </Unit>
      <Unit>
        <Filename Value="procColorTheme.pas"/>
        <IsPartOfProject Value="True"/>
      </Unit>
      <Unit>
        <Filename Value="procUndo.pas"/>
        <IsPartOfProject Value="True"/>
      </Unit>
      <Unit>
        <Filename Value="formFindAndReplace.pas"/>
        <IsPartOfProject Value="True"/>
        <ComponentName Value="frmFindAndReplace"/>
        <HasResources Value="True"/>
        <ResourceBaseClass Value="Form"/>
      </Unit>
      <Unit>
        <Filename Value="formGoTo.pas"/>
        <IsPartOfProject Value="True"/>
        <ComponentName Value="frmGoTo"/>
        <HasResources Value="True"/>
        <ResourceBaseClass Value="Form"/>
      </Unit>
      <Unit>
        <Filename Value="formDurationLimits.pas"/>
        <IsPartOfProject Value="True"/>
        <ComponentName Value="frmDurationLimits"/>
        <HasResources Value="True"/>
        <ResourceBaseClass Value="Form"/>
      </Unit>
      <Unit>
        <Filename Value="formAutomaticDurations.pas"/>
        <IsPartOfProject Value="True"/>
        <ComponentName Value="frmAutomaticDurations"/>
        <HasResources Value="True"/>
        <ResourceBaseClass Value="Form"/>
      </Unit>
      <Unit>
        <Filename Value="formTimeExpander.pas"/>
        <IsPartOfProject Value="True"/>
        <ComponentName Value="frmTimeExpander"/>
        <HasResources Value="True"/>
        <ResourceBaseClass Value="Form"/>
      </Unit>
      <Unit>
        <Filename Value="formDelay.pas"/>
        <IsPartOfProject Value="True"/>
        <ComponentName Value="frmDelay"/>
        <HasResources Value="True"/>
        <ResourceBaseClass Value="Form"/>
      </Unit>
      <Unit>
        <Filename Value="formConvertCase.pas"/>
        <IsPartOfProject Value="True"/>
        <ComponentName Value="frmConvertCase"/>
        <HasResources Value="True"/>
        <ResourceBaseClass Value="Form"/>
      </Unit>
      <Unit>
        <Filename Value="formAdjustSubtitle.pas"/>
        <IsPartOfProject Value="True"/>
        <ComponentName Value="frmAdjustSubtitle"/>
        <HasResources Value="True"/>
        <ResourceBaseClass Value="Form"/>
      </Unit>
      <Unit>
        <Filename Value="formMultipleReplace.pas"/>
        <IsPartOfProject Value="True"/>
        <ComponentName Value="frmMultipleReplace"/>
        <HasResources Value="True"/>
        <ResourceBaseClass Value="Form"/>
      </Unit>
      <Unit>
        <Filename Value="formModifySelection.pas"/>
        <IsPartOfProject Value="True"/>
        <ComponentName Value="frmModifySelection"/>
        <HasResources Value="True"/>
        <ResourceBaseClass Value="Form"/>
      </Unit>
      <Unit>
        <Filename Value="procWorkspace.pas"/>
        <IsPartOfProject Value="True"/>
      </Unit>
      <Unit>
        <Filename Value="formCustomFileDlg.pas"/>
        <IsPartOfProject Value="True"/>
        <ComponentName Value="frmCustomFileDlg"/>
        <HasResources Value="True"/>
        <ResourceBaseClass Value="Form"/>
      </Unit>
      <Unit>
        <Filename Value="formAbout.pas"/>
        <IsPartOfProject Value="True"/>
        <ComponentName Value="frmAbout"/>
        <HasResources Value="True"/>
        <ResourceBaseClass Value="Form"/>
      </Unit>
      <Unit>
        <Filename Value="formTranslate.pas"/>
        <IsPartOfProject Value="True"/>
        <ComponentName Value="frmTranslate"/>
        <HasResources Value="True"/>
        <ResourceBaseClass Value="Form"/>
      </Unit>
      <Unit>
        <Filename Value="formWaveExtractor.pas"/>
        <IsPartOfProject Value="True"/>
        <ComponentName Value="frmWaveExtractor"/>
        <HasResources Value="True"/>
        <ResourceBaseClass Value="Form"/>
      </Unit>
      <Unit>
        <Filename Value="formSettings.pas"/>
        <IsPartOfProject Value="True"/>
        <ComponentName Value="frmSettings"/>
        <HasResources Value="True"/>
        <ResourceBaseClass Value="Form"/>
      </Unit>
      <Unit>
        <Filename Value="formRestoreBackup.pas"/>
        <IsPartOfProject Value="True"/>
        <ComponentName Value="frmRestoreBackup"/>
        <HasResources Value="True"/>
        <ResourceBaseClass Value="Form"/>
      </Unit>
      <Unit>
        <Filename Value="formFixSubtitles.pas"/>
        <IsPartOfProject Value="True"/>
        <ComponentName Value="frmFixSubtitles"/>
        <HasResources Value="True"/>
        <ResourceBaseClass Value="Form"/>
      </Unit>
      <Unit>
        <Filename Value="formWelcome.pas"/>
        <IsPartOfProject Value="True"/>
        <ComponentName Value="frmWelcome"/>
        <HasResources Value="True"/>
        <ResourceBaseClass Value="Form"/>
      </Unit>
      <Unit>
        <Filename Value="formTranslationMemory.pas"/>
        <IsPartOfProject Value="True"/>
        <ComponentName Value="frmTranslationMemory"/>
        <HasResources Value="True"/>
        <ResourceBaseClass Value="Form"/>
      </Unit>
      <Unit>
        <Filename Value="formTranslationMemorySettings.pas"/>
        <IsPartOfProject Value="True"/>
        <ComponentName Value="frmTranslationMemorySettings"/>
        <HasResources Value="True"/>
        <ResourceBaseClass Value="Form"/>
      </Unit>
      <Unit>
        <Filename Value="procShortCut.pas"/>
        <IsPartOfProject Value="True"/>
      </Unit>
      <Unit>
        <Filename Value="formSpellCheck.pas"/>
        <IsPartOfProject Value="True"/>
        <ComponentName Value="frmSpellCheck"/>
        <HasResources Value="True"/>
        <ResourceBaseClass Value="Form"/>
      </Unit>
      <Unit>
        <Filename Value="procTranscription.pas"/>
        <IsPartOfProject Value="True"/>
      </Unit>
      <Unit>
        <Filename Value="formCustomInputDlg.pas"/>
        <IsPartOfProject Value="True"/>
        <ComponentName Value="frmCustomInputDlg"/>
        <HasResources Value="True"/>
        <ResourceBaseClass Value="Form"/>
      </Unit>
      <Unit>
        <Filename Value="formGoToTime.pas"/>
        <IsPartOfProject Value="True"/>
        <ComponentName Value="frmGoToTime"/>
        <HasResources Value="True"/>
        <ResourceBaseClass Value="Form"/>
      </Unit>
      <Unit>
        <Filename Value="formCustomQuestionDlg.pas"/>
        <IsPartOfProject Value="True"/>
        <ComponentName Value="frmCustomQuestionDlg"/>
        <HasResources Value="True"/>
        <ResourceBaseClass Value="Form"/>
      </Unit>
      <Unit>
        <Filename Value="formShotChanges.pas"/>
        <IsPartOfProject Value="True"/>
        <ComponentName Value="frmShotChanges"/>
        <HasResources Value="True"/>
        <ResourceBaseClass Value="Form"/>
      </Unit>
      <Unit>
        <Filename Value="formBatchConvert.pas"/>
        <IsPartOfProject Value="True"/>
        <ComponentName Value="frmBatchConvert"/>
        <HasResources Value="True"/>
        <ResourceBaseClass Value="Form"/>
      </Unit>
      <Unit>
        <Filename Value="formQualityCheck.pas"/>
        <IsPartOfProject Value="True"/>
        <ComponentName Value="frmQualityCheck"/>
        <HasResources Value="True"/>
        <ResourceBaseClass Value="Form"/>
      </Unit>
      <Unit>
        <Filename Value="procQualityCheck.pas"/>
        <IsPartOfProject Value="True"/>
      </Unit>
      <Unit>
        <Filename Value="formCompare.pas"/>
        <IsPartOfProject Value="True"/>
        <ComponentName Value="frmCompare"/>
        <HasResources Value="True"/>
        <ResourceBaseClass Value="Form"/>
      </Unit>
      <Unit>
        <Filename Value="formMain_VST.inc"/>
        <IsPartOfProject Value="True"/>
      </Unit>
      <Unit>
        <Filename Value="procFiles.pas"/>
        <IsPartOfProject Value="True"/>
      </Unit>
      <Unit>
        <Filename Value="procVST_Loops.pas"/>
        <IsPartOfProject Value="True"/>
      </Unit>
      <Unit>
        <Filename Value="procMPV.pas"/>
        <IsPartOfProject Value="True"/>
      </Unit>
      <Unit>
        <Filename Value="formMain_WAVE.inc"/>
        <IsPartOfProject Value="True"/>
      </Unit>
      <Unit>
        <Filename Value="formMain_MPV.inc"/>
        <IsPartOfProject Value="True"/>
      </Unit>
      <Unit>
        <Filename Value="procSubtitle.pas"/>
        <IsPartOfProject Value="True"/>
      </Unit>
      <Unit>
        <Filename Value="procForms.pas"/>
        <IsPartOfProject Value="True"/>
      </Unit>
      <Unit>
        <Filename Value="formConventions.pas"/>
        <IsPartOfProject Value="True"/>
        <ComponentName Value="frmConventions"/>
        <HasResources Value="True"/>
        <ResourceBaseClass Value="Form"/>
      </Unit>
      <Unit>
        <Filename Value="procConventions.pas"/>
        <IsPartOfProject Value="True"/>
      </Unit>
      <Unit>
        <Filename Value="formTranslationMemoryList.pas"/>
        <IsPartOfProject Value="True"/>
        <ComponentName Value="frmTranslationMemoryList"/>
        <HasResources Value="True"/>
        <ResourceBaseClass Value="Form"/>
      </Unit>
      <Unit>
        <Filename Value="formTBXList.pas"/>
        <IsPartOfProject Value="True"/>
        <ComponentName Value="frmTBXList"/>
        <HasResources Value="True"/>
        <ResourceBaseClass Value="Form"/>
      </Unit>
      <Unit>
        <Filename Value="formCustomMessageDlg.pas"/>
        <IsPartOfProject Value="True"/>
        <ComponentName Value="frmCustomMessageDlg"/>
        <HasResources Value="True"/>
        <ResourceBaseClass Value="Form"/>
      </Unit>
      <Unit>
        <Filename Value="formTBXSettings.pas"/>
        <IsPartOfProject Value="True"/>
        <ComponentName Value="frmTBXSettings"/>
        <HasResources Value="True"/>
        <ResourceBaseClass Value="Form"/>
      </Unit>
      <Unit>
        <Filename Value="formTBXEdit.pas"/>
        <IsPartOfProject Value="True"/>
        <ComponentName Value="frmTBXEdit"/>
        <HasResources Value="True"/>
        <ResourceBaseClass Value="Form"/>
      </Unit>
      <Unit>
        <Filename Value="formWizard.pas"/>
        <IsPartOfProject Value="True"/>
        <ComponentName Value="frmWizard"/>
        <HasResources Value="True"/>
        <ResourceBaseClass Value="Form"/>
      </Unit>
      <Unit>
        <Filename Value="formDownload.pas"/>
        <IsPartOfProject Value="True"/>
        <ComponentName Value="frmDownload"/>
        <HasResources Value="True"/>
        <ResourceBaseClass Value="Form"/>
      </Unit>
      <Unit>
        <Filename Value="procMRU.pas"/>
        <IsPartOfProject Value="True"/>
      </Unit>
      <Unit>
        <Filename Value="formShiftTimes.pas"/>
        <IsPartOfProject Value="True"/>
        <ComponentName Value="frmShiftTimes"/>
        <HasResources Value="True"/>
        <ResourceBaseClass Value="Form"/>
      </Unit>
      <Unit>
        <Filename Value="formAudioToText.pas"/>
        <IsPartOfProject Value="True"/>
        <ComponentName Value="frmAudioToText"/>
        <HasResources Value="True"/>
        <ResourceBaseClass Value="Form"/>
      </Unit>
      <Unit>
        <Filename Value="formAudioToTextModel.pas"/>
        <IsPartOfProject Value="True"/>
        <ComponentName Value="frmAudioToTextModel"/>
        <HasResources Value="True"/>
        <ResourceBaseClass Value="Form"/>
      </Unit>
      <Unit>
        <Filename Value="formTBX.pas"/>
        <IsPartOfProject Value="True"/>
        <ComponentName Value="frmTBX"/>
        <HasResources Value="True"/>
        <ResourceBaseClass Value="Form"/>
      </Unit>
      <Unit>
        <Filename Value="procFixSubtitles.pas"/>
        <IsPartOfProject Value="True"/>
      </Unit>
      <Unit>
        <Filename Value="formFormatProperties.pas"/>
        <IsPartOfProject Value="True"/>
        <ComponentName Value="frmFormatProperties"/>
        <HasResources Value="True"/>
        <ResourceBaseClass Value="Form"/>
      </Unit>
      <Unit>
        <Filename Value="procFileTypes.pas"/>
        <IsPartOfProject Value="True"/>
      </Unit>
      <Unit>
        <Filename Value="formCustomTextFormat.pas"/>
        <IsPartOfProject Value="True"/>
        <ComponentName Value="frmCustomTextFormat"/>
        <HasResources Value="True"/>
        <ResourceBaseClass Value="Form"/>
      </Unit>
      <Unit>
        <Filename Value="formActors.pas"/>
        <IsPartOfProject Value="True"/>
        <ComponentName Value="frmActors"/>
        <HasResources Value="True"/>
        <ResourceBaseClass Value="Form"/>
      </Unit>
      <Unit>
        <Filename Value="formCustomSelectDlg.pas"/>
        <IsPartOfProject Value="True"/>
        <ComponentName Value="frmCustomSelectDlg"/>
        <HasResources Value="True"/>
        <ResourceBaseClass Value="Form"/>
      </Unit>
      <Unit>
        <Filename Value="procProjectFile.pas"/>
        <IsPartOfProject Value="True"/>
      </Unit>
      <Unit>
        <Filename Value="formCustomImageFormat.pas"/>
        <IsPartOfProject Value="True"/>
        <ComponentName Value="frmCustomImageFormat"/>
        <HasResources Value="True"/>
        <ResourceBaseClass Value="Form"/>
      </Unit>
      <Unit>
        <Filename Value="procCustomFormat.pas"/>
        <IsPartOfProject Value="True"/>
      </Unit>
      <Unit>
        <Filename Value="procDialogs.pas"/>
        <IsPartOfProject Value="True"/>
      </Unit>
      <Unit>
        <Filename Value="formExportSUP.pas"/>
        <IsPartOfProject Value="True"/>
        <ComponentName Value="frmExportSUP"/>
        <HasResources Value="True"/>
        <ResourceBaseClass Value="Form"/>
      </Unit>
      <Unit>
        <Filename Value="procSUP.pas"/>
        <IsPartOfProject Value="True"/>
      </Unit>
      <Unit>
        <Filename Value="formGenerateVideo.pas"/>
        <IsPartOfProject Value="True"/>
        <ComponentName Value="frmGenerateVideo"/>
        <HasResources Value="True"/>
        <ResourceBaseClass Value="Form"/>
      </Unit>
      <Unit>
        <Filename Value="procGenerateVideo.pas"/>
        <IsPartOfProject Value="True"/>
      </Unit>
      <Unit>
        <Filename Value="procLocalize.pas"/>
        <IsPartOfProject Value="True"/>
      </Unit>
    </Units>
  </ProjectOptions>
  <CompilerOptions>
    <Version Value="11"/>
    <PathDelim Value="\"/>
    <Target>
      <Filename Value="..\bin\tero"/>
    </Target>
    <SearchPaths>
      <IncludeFiles Value="$(ProjOutDir)"/>
      <UnitOutputDirectory Value="lib\$(TargetCPU)-$(TargetOS)"/>
    </SearchPaths>
    <Linking>
      <Debugging>
        <DebugInfoType Value="dsDwarf3"/>
      </Debugging>
      <Options>
        <Win32>
          <GraphicApplication Value="True"/>
        </Win32>
      </Options>
    </Linking>
  </CompilerOptions>
  <Debugging>
    <Exceptions>
      <Item>
        <Name Value="EAbort"/>
      </Item>
      <Item>
        <Name Value="ECodetoolError"/>
      </Item>
      <Item>
        <Name Value="EFOpenError"/>
      </Item>
    </Exceptions>
  </Debugging>
</CONFIG>
